// !$*UTF8*$!
{
	archiveVersion = 1;
	classes = {
	};
	objectVersion = 48;
	objects = {

/* Begin PBXBuildFile section */
		6B7C78532014DA73001474EC /* AppDelegate.swift in Sources */ = {isa = PBXBuildFile; fileRef = 6B7C78522014DA73001474EC /* AppDelegate.swift */; };
		6B7C78582014DA73001474EC /* Main.storyboard in Resources */ = {isa = PBXBuildFile; fileRef = 6B7C78562014DA73001474EC /* Main.storyboard */; };
		6B7C785A2014DA73001474EC /* Assets.xcassets in Resources */ = {isa = PBXBuildFile; fileRef = 6B7C78592014DA73001474EC /* Assets.xcassets */; };
		6B7C785D2014DA73001474EC /* LaunchScreen.storyboard in Resources */ = {isa = PBXBuildFile; fileRef = 6B7C785B2014DA73001474EC /* LaunchScreen.storyboard */; };
		6B8F27FA201CD1EF008BB8D9 /* cars_total.plist in Resources */ = {isa = PBXBuildFile; fileRef = 6B8F27F9201CD1EF008BB8D9 /* cars_total.plist */; };
		6BC46D092020C3B700E170BB /* ViewController.swift in Sources */ = {isa = PBXBuildFile; fileRef = 6BC46D032020C3B700E170BB /* ViewController.swift */; };
		6BC46D0A2020C3B700E170BB /* CarGroupModel.swift in Sources */ = {isa = PBXBuildFile; fileRef = 6BC46D052020C3B700E170BB /* CarGroupModel.swift */; };
		6BC46D0B2020C3B700E170BB /* CarModel.swift in Sources */ = {isa = PBXBuildFile; fileRef = 6BC46D062020C3B700E170BB /* CarModel.swift */; };
		6BC46D0C2020C3B700E170BB /* IndexView.swift in Sources */ = {isa = PBXBuildFile; fileRef = 6BC46D082020C3B700E170BB /* IndexView.swift */; };
/* End PBXBuildFile section */

/* Begin PBXFileReference section */
		6B7C784F2014DA73001474EC /* CarHeadline.app */ = {isa = PBXFileReference; explicitFileType = wrapper.application; includeInIndex = 0; path = CarHeadline.app; sourceTree = BUILT_PRODUCTS_DIR; };
		6B7C78522014DA73001474EC /* AppDelegate.swift */ = {isa = PBXFileReference; lastKnownFileType = sourcecode.swift; path = AppDelegate.swift; sourceTree = "<group>"; };
		6B7C78572014DA73001474EC /* Base */ = {isa = PBXFileReference; lastKnownFileType = file.storyboard; name = Base; path = Base.lproj/Main.storyboard; sourceTree = "<group>"; };
		6B7C78592014DA73001474EC /* Assets.xcassets */ = {isa = PBXFileReference; lastKnownFileType = folder.assetcatalog; path = Assets.xcassets; sourceTree = "<group>"; };
		6B7C785C2014DA73001474EC /* Base */ = {isa = PBXFileReference; lastKnownFileType = file.storyboard; name = Base; path = Base.lproj/LaunchScreen.storyboard; sourceTree = "<group>"; };
		6B7C785E2014DA73001474EC /* Info.plist */ = {isa = PBXFileReference; lastKnownFileType = text.plist.xml; path = Info.plist; sourceTree = "<group>"; };
		6B8F27F9201CD1EF008BB8D9 /* cars_total.plist */ = {isa = PBXFileReference; fileEncoding = 4; lastKnownFileType = text.plist.xml; path = cars_total.plist; sourceTree = "<group>"; };
		6BC46D032020C3B700E170BB /* ViewController.swift */ = {isa = PBXFileReference; fileEncoding = 4; lastKnownFileType = sourcecode.swift; path = ViewController.swift; sourceTree = "<group>"; };
		6BC46D052020C3B700E170BB /* CarGroupModel.swift */ = {isa = PBXFileReference; fileEncoding = 4; lastKnownFileType = sourcecode.swift; path = CarGroupModel.swift; sourceTree = "<group>"; };
		6BC46D062020C3B700E170BB /* CarModel.swift */ = {isa = PBXFileReference; fileEncoding = 4; lastKnownFileType = sourcecode.swift; path = CarModel.swift; sourceTree = "<group>"; };
		6BC46D082020C3B700E170BB /* IndexView.swift */ = {isa = PBXFileReference; fileEncoding = 4; lastKnownFileType = sourcecode.swift; path = IndexView.swift; sourceTree = "<group>"; };
/* End PBXFileReference section */

/* Begin PBXFrameworksBuildPhase section */
		6B7C784C2014DA73001474EC /* Frameworks */ = {
			isa = PBXFrameworksBuildPhase;
			buildActionMask = 2147483647;
			files = (
			);
			runOnlyForDeploymentPostprocessing = 0;
		};
/* End PBXFrameworksBuildPhase section */

/* Begin PBXGroup section */
		6B7C78462014DA73001474EC = {
			isa = PBXGroup;
			children = (
				6B7C78512014DA73001474EC /* CarHeadline */,
				6B7C78502014DA73001474EC /* Products */,
			);
			sourceTree = "<group>";
		};
		6B7C78502014DA73001474EC /* Products */ = {
			isa = PBXGroup;
			children = (
				6B7C784F2014DA73001474EC /* CarHeadline.app */,
			);
			name = Products;
			sourceTree = "<group>";
		};
		6B7C78512014DA73001474EC /* CarHeadline */ = {
			isa = PBXGroup;
			children = (
				6BC46D012020C3B700E170BB /* Classes */,
				6B7C78522014DA73001474EC /* AppDelegate.swift */,
				6B8F27F9201CD1EF008BB8D9 /* cars_total.plist */,
				6B7C78562014DA73001474EC /* Main.storyboard */,
				6B7C78592014DA73001474EC /* Assets.xcassets */,
				6B7C785B2014DA73001474EC /* LaunchScreen.storyboard */,
				6B7C785E2014DA73001474EC /* Info.plist */,
			);
			path = CarHeadline;
			sourceTree = "<group>";
		};
		6BC46D012020C3B700E170BB /* Classes */ = {
			isa = PBXGroup;
			children = (
				6BC46D022020C3B700E170BB /* Controller */,
				6BC46D042020C3B700E170BB /* Model */,
				6BC46D072020C3B700E170BB /* View */,
			);
			path = Classes;
			sourceTree = "<group>";
		};
		6BC46D022020C3B700E170BB /* Controller */ = {
			isa = PBXGroup;
			children = (
				6BC46D032020C3B700E170BB /* ViewController.swift */,
			);
			path = Controller;
			sourceTree = "<group>";
		};
		6BC46D042020C3B700E170BB /* Model */ = {
			isa = PBXGroup;
			children = (
				6BC46D052020C3B700E170BB /* CarGroupModel.swift */,
				6BC46D062020C3B700E170BB /* CarModel.swift */,
			);
			path = Model;
			sourceTree = "<group>";
		};
		6BC46D072020C3B700E170BB /* View */ = {
			isa = PBXGroup;
			children = (
				6BC46D082020C3B700E170BB /* IndexView.swift */,
			);
			path = View;
			sourceTree = "<group>";
		};
/* End PBXGroup section */

/* Begin PBXNativeTarget section */
		6B7C784E2014DA73001474EC /* CarHeadline */ = {
			isa = PBXNativeTarget;
			buildConfigurationList = 6B7C78612014DA73001474EC /* Build configuration list for PBXNativeTarget "CarHeadline" */;
			buildPhases = (
				6B7C784B2014DA73001474EC /* Sources */,
				6B7C784C2014DA73001474EC /* Frameworks */,
				6B7C784D2014DA73001474EC /* Resources */,
			);
			buildRules = (
			);
			dependencies = (
			);
			name = CarHeadline;
			productName = CarHeadline;
			productReference = 6B7C784F2014DA73001474EC /* CarHeadline.app */;
			productType = "com.apple.product-type.application";
		};
/* End PBXNativeTarget section */

/* Begin PBXProject section */
		6B7C78472014DA73001474EC /* Project object */ = {
			isa = PBXProject;
			attributes = {
				LastSwiftUpdateCheck = 0920;
				LastUpgradeCheck = 1000;
				ORGANIZATIONNAME = LC;
				TargetAttributes = {
					6B7C784E2014DA73001474EC = {
						CreatedOnToolsVersion = 9.2;
						LastSwiftMigration = 1000;
						ProvisioningStyle = Automatic;
					};
				};
			};
			buildConfigurationList = 6B7C784A2014DA73001474EC /* Build configuration list for PBXProject "CarHeadline" */;
			compatibilityVersion = "Xcode 8.0";
			developmentRegion = en;
			hasScannedForEncodings = 0;
			knownRegions = (
				en,
				Base,
			);
			mainGroup = 6B7C78462014DA73001474EC;
			productRefGroup = 6B7C78502014DA73001474EC /* Products */;
			projectDirPath = "";
			projectRoot = "";
			targets = (
				6B7C784E2014DA73001474EC /* CarHeadline */,
			);
		};
/* End PBXProject section */

/* Begin PBXResourcesBuildPhase section */
		6B7C784D2014DA73001474EC /* Resources */ = {
			isa = PBXResourcesBuildPhase;
			buildActionMask = 2147483647;
			files = (
				6B7C785D2014DA73001474EC /* LaunchScreen.storyboard in Resources */,
				6B7C785A2014DA73001474EC /* Assets.xcassets in Resources */,
				6B8F27FA201CD1EF008BB8D9 /* cars_total.plist in Resources */,
				6B7C78582014DA73001474EC /* Main.storyboard in Resources */,
			);
			runOnlyForDeploymentPostprocessing = 0;
		};
/* End PBXResourcesBuildPhase section */

/* Begin PBXSourcesBuildPhase section */
		6B7C784B2014DA73001474EC /* Sources */ = {
			isa = PBXSourcesBuildPhase;
			buildActionMask = 2147483647;
			files = (
				6BC46D0B2020C3B700E170BB /* CarModel.swift in Sources */,
				6BC46D092020C3B700E170BB /* ViewController.swift in Sources */,
				6B7C78532014DA73001474EC /* AppDelegate.swift in Sources */,
				6BC46D0C2020C3B700E170BB /* IndexView.swift in Sources */,
				6BC46D0A2020C3B700E170BB /* CarGroupModel.swift in Sources */,
			);
			runOnlyForDeploymentPostprocessing = 0;
		};
/* End PBXSourcesBuildPhase section */

/* Begin PBXVariantGroup section */
		6B7C78562014DA73001474EC /* Main.storyboard */ = {
			isa = PBXVariantGroup;
			children = (
				6B7C78572014DA73001474EC /* Base */,
			);
			name = Main.storyboard;
			sourceTree = "<group>";
		};
		6B7C785B2014DA73001474EC /* LaunchScreen.storyboard */ = {
			isa = PBXVariantGroup;
			children = (
				6B7C785C2014DA73001474EC /* Base */,
			);
			name = LaunchScreen.storyboard;
			sourceTree = "<group>";
		};
/* End PBXVariantGroup section */

/* Begin XCBuildConfiguration section */
		6B7C785F2014DA73001474EC /* Debug */ = {
			isa = XCBuildConfiguration;
			buildSettings = {
				ALWAYS_SEARCH_USER_PATHS = NO;
				CLANG_ANALYZER_NONNULL = YES;
				CLANG_ANALYZER_NUMBER_OBJECT_CONVERSION = YES_AGGRESSIVE;
				CLANG_CXX_LANGUAGE_STANDARD = "gnu++14";
				CLANG_CXX_LIBRARY = "libc++";
				CLANG_ENABLE_MODULES = YES;
				CLANG_ENABLE_OBJC_ARC = YES;
				CLANG_WARN_BLOCK_CAPTURE_AUTORELEASING = YES;
				CLANG_WARN_BOOL_CONVERSION = YES;
				CLANG_WARN_COMMA = YES;
				CLANG_WARN_CONSTANT_CONVERSION = YES;
				CLANG_WARN_DEPRECATED_OBJC_IMPLEMENTATIONS = YES;
				CLANG_WARN_DIRECT_OBJC_ISA_USAGE = YES_ERROR;
				CLANG_WARN_DOCUMENTATION_COMMENTS = YES;
				CLANG_WARN_EMPTY_BODY = YES;
				CLANG_WARN_ENUM_CONVERSION = YES;
				CLANG_WARN_INFINITE_RECURSION = YES;
				CLANG_WARN_INT_CONVERSION = YES;
				CLANG_WARN_NON_LITERAL_NULL_CONVERSION = YES;
				CLANG_WARN_OBJC_IMPLICIT_RETAIN_SELF = YES;
				CLANG_WARN_OBJC_LITERAL_CONVERSION = YES;
				CLANG_WARN_OBJC_ROOT_CLASS = YES_ERROR;
				CLANG_WARN_RANGE_LOOP_ANALYSIS = YES;
				CLANG_WARN_STRICT_PROTOTYPES = YES;
				CLANG_WARN_SUSPICIOUS_MOVE = YES;
				CLANG_WARN_UNGUARDED_AVAILABILITY = YES_AGGRESSIVE;
				CLANG_WARN_UNREACHABLE_CODE = YES;
				CLANG_WARN__DUPLICATE_METHOD_MATCH = YES;
				CODE_SIGN_IDENTITY = "iPhone Developer";
				COPY_PHASE_STRIP = NO;
				DEBUG_INFORMATION_FORMAT = dwarf;
				ENABLE_STRICT_OBJC_MSGSEND = YES;
				ENABLE_TESTABILITY = YES;
				GCC_C_LANGUAGE_STANDARD = gnu11;
				GCC_DYNAMIC_NO_PIC = NO;
				GCC_NO_COMMON_BLOCKS = YES;
				GCC_OPTIMIZATION_LEVEL = 0;
				GCC_PREPROCESSOR_DEFINITIONS = (
					"DEBUG=1",
					"$(inherited)",
				);
				GCC_WARN_64_TO_32_BIT_CONVERSION = YES;
				GCC_WARN_ABOUT_RETURN_TYPE = YES_ERROR;
				GCC_WARN_UNDECLARED_SELECTOR = YES;
				GCC_WARN_UNINITIALIZED_AUTOS = YES_AGGRESSIVE;
				GCC_WARN_UNUSED_FUNCTION = YES;
				GCC_WARN_UNUSED_VARIABLE = YES;
				IPHONEOS_DEPLOYMENT_TARGET = 12.0;
				MTL_ENABLE_DEBUG_INFO = YES;
				ONLY_ACTIVE_ARCH = YES;
				SDKROOT = iphoneos;
				SWIFT_ACTIVE_COMPILATION_CONDITIONS = DEBUG;
				SWIFT_OPTIMIZATION_LEVEL = "-Onone";
			};
			name = Debug;
		};
		6B7C78602014DA73001474EC /* Release */ = {
			isa = XCBuildConfiguration;
			buildSettings = {
				ALWAYS_SEARCH_USER_PATHS = NO;
				CLANG_ANALYZER_NONNULL = YES;
				CLANG_ANALYZER_NUMBER_OBJECT_CONVERSION = YES_AGGRESSIVE;
				CLANG_CXX_LANGUAGE_STANDARD = "gnu++14";
				CLANG_CXX_LIBRARY = "libc++";
				CLANG_ENABLE_MODULES = YES;
				CLANG_ENABLE_OBJC_ARC = YES;
				CLANG_WARN_BLOCK_CAPTURE_AUTORELEASING = YES;
				CLANG_WARN_BOOL_CONVERSION = YES;
				CLANG_WARN_COMMA = YES;
				CLANG_WARN_CONSTANT_CONVERSION = YES;
				CLANG_WARN_DEPRECATED_OBJC_IMPLEMENTATIONS = YES;
				CLANG_WARN_DIRECT_OBJC_ISA_USAGE = YES_ERROR;
				CLANG_WARN_DOCUMENTATION_COMMENTS = YES;
				CLANG_WARN_EMPTY_BODY = YES;
				CLANG_WARN_ENUM_CONVERSION = YES;
				CLANG_WARN_INFINITE_RECURSION = YES;
				CLANG_WARN_INT_CONVERSION = YES;
				CLANG_WARN_NON_LITERAL_NULL_CONVERSION = YES;
				CLANG_WARN_OBJC_IMPLICIT_RETAIN_SELF = YES;
				CLANG_WARN_OBJC_LITERAL_CONVERSION = YES;
				CLANG_WARN_OBJC_ROOT_CLASS = YES_ERROR;
				CLANG_WARN_RANGE_LOOP_ANALYSIS = YES;
				CLANG_WARN_STRICT_PROTOTYPES = YES;
				CLANG_WARN_SUSPICIOUS_MOVE = YES;
				CLANG_WARN_UNGUARDED_AVAILABILITY = YES_AGGRESSIVE;
				CLANG_WARN_UNREACHABLE_CODE = YES;
				CLANG_WARN__DUPLICATE_METHOD_MATCH = YES;
				CODE_SIGN_IDENTITY = "iPhone Developer";
				COPY_PHASE_STRIP = NO;
				DEBUG_INFORMATION_FORMAT = "dwarf-with-dsym";
				ENABLE_NS_ASSERTIONS = NO;
				ENABLE_STRICT_OBJC_MSGSEND = YES;
				GCC_C_LANGUAGE_STANDARD = gnu11;
				GCC_NO_COMMON_BLOCKS = YES;
				GCC_WARN_64_TO_32_BIT_CONVERSION = YES;
				GCC_WARN_ABOUT_RETURN_TYPE = YES_ERROR;
				GCC_WARN_UNDECLARED_SELECTOR = YES;
				GCC_WARN_UNINITIALIZED_AUTOS = YES_AGGRESSIVE;
				GCC_WARN_UNUSED_FUNCTION = YES;
				GCC_WARN_UNUSED_VARIABLE = YES;
				IPHONEOS_DEPLOYMENT_TARGET = 12.0;
				MTL_ENABLE_DEBUG_INFO = NO;
				SDKROOT = iphoneos;
				SWIFT_OPTIMIZATION_LEVEL = "-Owholemodule";
				VALIDATE_PRODUCT = YES;
			};
			name = Release;
		};
		6B7C78622014DA73001474EC /* Debug */ = {
			isa = XCBuildConfiguration;
			buildSettings = {
				ASSETCATALOG_COMPILER_APPICON_NAME = AppIcon;
				CODE_SIGN_STYLE = Automatic;
				INFOPLIST_FILE = CarHeadline/Info.plist;
				LD_RUNPATH_SEARCH_PATHS = "$(inherited) @executable_path/Frameworks";
				PRODUCT_BUNDLE_IDENTIFIER = com.LC.CarHeadline;
				PRODUCT_NAME = "$(TARGET_NAME)";
				SWIFT_VERSION = 4.2;
				TARGETED_DEVICE_FAMILY = "1,2";
			};
			name = Debug;
		};
		6B7C78632014DA73001474EC /* Release */ = {
			isa = XCBuildConfiguration;
			buildSettings = {
				ASSETCATALOG_COMPILER_APPICON_NAME = AppIcon;
				CODE_SIGN_STYLE = Automatic;
				INFOPLIST_FILE = CarHeadline/Info.plist;
				LD_RUNPATH_SEARCH_PATHS = "$(inherited) @executable_path/Frameworks";
				PRODUCT_BUNDLE_IDENTIFIER = com.LC.CarHeadline;
				PRODUCT_NAME = "$(TARGET_NAME)";
				SWIFT_VERSION = 4.2;
				TARGETED_DEVICE_FAMILY = "1,2";
			};
			name = Release;
		};
/* End XCBuildConfiguration section */

/* Begin XCConfigurationList section */
		6B7C784A2014DA73001474EC /* Build configuration list for PBXProject "CarHeadline" */ = {
			isa = XCConfigurationList;
			buildConfigurations = (
				6B7C785F2014DA73001474EC /* Debug */,
				6B7C78602014DA73001474EC /* Release */,
			);
			defaultConfigurationIsVisible = 0;
			defaultConfigurationName = Release;
		};
		6B7C78612014DA73001474EC /* Build configuration list for PBXNativeTarget "CarHeadline" */ = {
			isa = XCConfigurationList;
			buildConfigurations = (
				6B7C78622014DA73001474EC /* Debug */,
				6B7C78632014DA73001474EC /* Release */,
			);
			defaultConfigurationIsVisible = 0;
			defaultConfigurationName = Release;
		};
/* End XCConfigurationList section */
	};
	rootObject = 6B7C78472014DA73001474EC /* Project object */;
}
